{
  "name": "CabanasYa",
  "requires": true,
  "lockfileVersion": 1,
  "dependencies": {
    "bootstrap": {
      "version": "5.1.3",
      "resolved": "https://registry.npmjs.org/bootstrap/-/bootstrap-5.1.3.tgz",
      "integrity": "sha512-fcQztozJ8jToQWXxVuEyXWW+dSo8AiXWKwiSSrKWsRB/Qt+Ewwza+JWoLKiTuQLaEPhdNAJ7+Dosc9DOIqNy7Q=="
    },
    "flatpickr": {
      "version": "4.6.9",
      "resolved": "https://registry.npmjs.org/flatpickr/-/flatpickr-4.6.9.tgz",
      "integrity": "sha512-F0azNNi8foVWKSF+8X+ZJzz8r9sE1G4hl06RyceIaLvyltKvDl6vqk9Lm/6AUUCi5HWaIjiUbk7UpeE/fOXOpw=="
    },
    "stimulus-flatpickr": {
      "version": "1.4.0",
      "resolved": "https://registry.npmjs.org/stimulus-flatpickr/-/stimulus-flatpickr-1.4.0.tgz",
      "integrity": "sha512-rcC/c9+E+f5W2kOjaaLShtf3i+p95ACqt+oGzSAgeuZh2YeIN8gW4EWO7h0STBLzSVPl6BjIfPWP7upMPavIVQ=="
    }
  }
}
